
Microsoft Visual Studio Solution File, Format Version 12.00
# Visual Studio Version 17
VisualStudioVersion = 17.8.34322.80
MinimumVisualStudioVersion = 10.0.40219.1
Project("{9A19103F-16F7-4668-BE54-9A1E7A4F7556}") = "StartupCompanyManager", "StartupCompanyManager\StartupCompanyManager.csproj", "{D5165109-DB98-40AD-B1EA-91A20C95DD50}"
EndProject
Global
	GlobalSection(SolutionConfigurationPlatforms) = preSolution
		Debug|Any CPU = Debug|Any CPU
		Release|Any CPU = Release|Any CPU
	EndGlobalSection
	GlobalSection(ProjectConfigurationPlatforms) = postSolution
		{D5165109-DB98-40AD-B1EA-91A20C95DD50}.Debug|Any CPU.ActiveCfg = Debug|Any CPU
		{D5165109-DB98-40AD-B1EA-91A20C95DD50}.Debug|Any CPU.Build.0 = Debug|Any CPU
		{D5165109-DB98-40AD-B1EA-91A20C95DD50}.Release|Any CPU.ActiveCfg = Release|Any CPU
		{D5165109-DB98-40AD-B1EA-91A20C95DD50}.Release|Any CPU.Build.0 = Release|Any CPU
	EndGlobalSection
	GlobalSection(SolutionProperties) = preSolution
		HideSolutionNode = FALSE
	EndGlobalSection
	GlobalSection(ExtensibilityGlobals) = postSolution
		SolutionGuid = {3074DA2B-89F5-40E0-88F8-A468AF0C3B58}
	EndGlobalSection
EndGlobal
